// !$*UTF8*$!
{
	archiveVersion = 1;
	classes = {
	};
	objectVersion = 50;
	objects = {

/* Begin PBXBuildFile section */
		448DD60A2590F57200E0CFAB /* MapViewApp.swift in Sources */ = {isa = PBXBuildFile; fileRef = 448DD6092590F57200E0CFAB /* MapViewApp.swift */; };
		448DD60C2590F57200E0CFAB /* ContentView.swift in Sources */ = {isa = PBXBuildFile; fileRef = 448DD60B2590F57200E0CFAB /* ContentView.swift */; };
		448DD60E2590F57300E0CFAB /* Assets.xcassets in Resources */ = {isa = PBXBuildFile; fileRef = 448DD60D2590F57300E0CFAB /* Assets.xcassets */; };
		448DD6112590F57300E0CFAB /* Preview Assets.xcassets in Resources */ = {isa = PBXBuildFile; fileRef = 448DD6102590F57300E0CFAB /* Preview Assets.xcassets */; };
		448DD61C2590F57300E0CFAB /* MapViewTests.swift in Sources */ = {isa = PBXBuildFile; fileRef = 448DD61B2590F57300E0CFAB /* MapViewTests.swift */; };
		448DD6272590F57300E0CFAB /* MapViewUITests.swift in Sources */ = {isa = PBXBuildFile; fileRef = 448DD6262590F57300E0CFAB /* MapViewUITests.swift */; };
/* End PBXBuildFile section */

/* Begin PBXContainerItemProxy section */
		448DD6182590F57300E0CFAB /* PBXContainerItemProxy */ = {
			isa = PBXContainerItemProxy;
			containerPortal = 448DD5FE2590F57200E0CFAB /* Project object */;
			proxyType = 1;
			remoteGlobalIDString = 448DD6052590F57200E0CFAB;
			remoteInfo = MapView;
		};
		448DD6232590F57300E0CFAB /* PBXContainerItemProxy */ = {
			isa = PBXContainerItemProxy;
			containerPortal = 448DD5FE2590F57200E0CFAB /* Project object */;
			proxyType = 1;
			remoteGlobalIDString = 448DD6052590F57200E0CFAB;
			remoteInfo = MapView;
		};
/* End PBXContainerItemProxy section */

/* Begin PBXFileReference section */
		448DD6062590F57200E0CFAB /* MapView.app */ = {isa = PBXFileReference; explicitFileType = wrapper.application; includeInIndex = 0; path = MapView.app; sourceTree = BUILT_PRODUCTS_DIR; };
		448DD6092590F57200E0CFAB /* MapViewApp.swift */ = {isa = PBXFileReference; lastKnownFileType = sourcecode.swift; path = MapViewApp.swift; sourceTree = "<group>"; };
		448DD60B2590F57200E0CFAB /* ContentView.swift */ = {isa = PBXFileReference; lastKnownFileType = sourcecode.swift; path = ContentView.swift; sourceTree = "<group>"; };
		448DD60D2590F57300E0CFAB /* Assets.xcassets */ = {isa = PBXFileReference; lastKnownFileType = folder.assetcatalog; path = Assets.xcassets; sourceTree = "<group>"; };
		448DD6102590F57300E0CFAB /* Preview Assets.xcassets */ = {isa = PBXFileReference; lastKnownFileType = folder.assetcatalog; path = "Preview Assets.xcassets"; sourceTree = "<group>"; };
		448DD6122590F57300E0CFAB /* Info.plist */ = {isa = PBXFileReference; lastKnownFileType = text.plist.xml; path = Info.plist; sourceTree = "<group>"; };
		448DD6172590F57300E0CFAB /* MapViewTests.xctest */ = {isa = PBXFileReference; explicitFileType = wrapper.cfbundle; includeInIndex = 0; path = MapViewTests.xctest; sourceTree = BUILT_PRODUCTS_DIR; };
		448DD61B2590F57300E0CFAB /* MapViewTests.swift */ = {isa = PBXFileReference; lastKnownFileType = sourcecode.swift; path = MapViewTests.swift; sourceTree = "<group>"; };
		448DD61D2590F57300E0CFAB /* Info.plist */ = {isa = PBXFileReference; lastKnownFileType = text.plist.xml; path = Info.plist; sourceTree = "<group>"; };
		448DD6222590F57300E0CFAB /* MapViewUITests.xctest */ = {isa = PBXFileReference; explicitFileType = wrapper.cfbundle; includeInIndex = 0; path = MapViewUITests.xctest; sourceTree = BUILT_PRODUCTS_DIR; };
		448DD6262590F57300E0CFAB /* MapViewUITests.swift */ = {isa = PBXFileReference; lastKnownFileType = sourcecode.swift; path = MapViewUITests.swift; sourceTree = "<group>"; };
		448DD6282590F57300E0CFAB /* Info.plist */ = {isa = PBXFileReference; lastKnownFileType = text.plist.xml; path = Info.plist; sourceTree = "<group>"; };
/* End PBXFileReference section */

/* Begin PBXFrameworksBuildPhase section */
		448DD6032590F57200E0CFAB /* Frameworks */ = {
			isa = PBXFrameworksBuildPhase;
			buildActionMask = 2147483647;
			files = (
			);
			runOnlyForDeploymentPostprocessing = 0;
		};
		448DD6142590F57300E0CFAB /* Frameworks */ = {
			isa = PBXFrameworksBuildPhase;
			buildActionMask = 2147483647;
			files = (
			);
			runOnlyForDeploymentPostprocessing = 0;
		};
		448DD61F2590F57300E0CFAB /* Frameworks */ = {
			isa = PBXFrameworksBuildPhase;
			buildActionMask = 2147483647;
			files = (
			);
			runOnlyForDeploymentPostprocessing = 0;
		};
/* End PBXFrameworksBuildPhase section */

/* Begin PBXGroup section */
		448DD5FD2590F57200E0CFAB = {
			isa = PBXGroup;
			children = (
				448DD6082590F57200E0CFAB /* MapView */,
				448DD61A2590F57300E0CFAB /* MapViewTests */,
				448DD6252590F57300E0CFAB /* MapViewUITests */,
				448DD6072590F57200E0CFAB /* Products */,
			);
			sourceTree = "<group>";
		};
		448DD6072590F57200E0CFAB /* Products */ = {
			isa = PBXGroup;
			children = (
				448DD6062590F57200E0CFAB /* MapView.app */,
				448DD6172590F57300E0CFAB /* MapViewTests.xctest */,
				448DD6222590F57300E0CFAB /* MapViewUITests.xctest */,
			);
			name = Products;
			sourceTree = "<group>";
		};
		448DD6082590F57200E0CFAB /* MapView */ = {
			isa = PBXGroup;
			children = (
				448DD6092590F57200E0CFAB /* MapViewApp.swift */,
				448DD60B2590F57200E0CFAB /* ContentView.swift */,
				448DD60D2590F57300E0CFAB /* Assets.xcassets */,
				448DD6122590F57300E0CFAB /* Info.plist */,
				448DD60F2590F57300E0CFAB /* Preview Content */,
			);
			path = MapView;
			sourceTree = "<group>";
		};
		448DD60F2590F57300E0CFAB /* Preview Content */ = {
			isa = PBXGroup;
			children = (
				448DD6102590F57300E0CFAB /* Preview Assets.xcassets */,
			);
			path = "Preview Content";
			sourceTree = "<group>";
		};
		448DD61A2590F57300E0CFAB /* MapViewTests */ = {
			isa = PBXGroup;
			children = (
				448DD61B2590F57300E0CFAB /* MapViewTests.swift */,
				448DD61D2590F57300E0CFAB /* Info.plist */,
			);
			path = MapViewTests;
			sourceTree = "<group>";
		};
		448DD6252590F57300E0CFAB /* MapViewUITests */ = {
			isa = PBXGroup;
			children = (
				448DD6262590F57300E0CFAB /* MapViewUITests.swift */,
				448DD6282590F57300E0CFAB /* Info.plist */,
			);
			path = MapViewUITests;
			sourceTree = "<group>";
		};
/* End PBXGroup section */

/* Begin PBXNativeTarget section */
		448DD6052590F57200E0CFAB /* MapView */ = {
			isa = PBXNativeTarget;
			buildConfigurationList = 448DD62B2590F57300E0CFAB /* Build configuration list for PBXNativeTarget "MapView" */;
			buildPhases = (
				448DD6022590F57200E0CFAB /* Sources */,
				448DD6032590F57200E0CFAB /* Frameworks */,
				448DD6042590F57200E0CFAB /* Resources */,
			);
			buildRules = (
			);
			dependencies = (
			);
			name = MapView;
			productName = MapView;
			productReference = 448DD6062590F57200E0CFAB /* MapView.app */;
			productType = "com.apple.product-type.application";
		};
		448DD6162590F57300E0CFAB /* MapViewTests */ = {
			isa = PBXNativeTarget;
			buildConfigurationList = 448DD62E2590F57300E0CFAB /* Build configuration list for PBXNativeTarget "MapViewTests" */;
			buildPhases = (
				448DD6132590F57300E0CFAB /* Sources */,
				448DD6142590F57300E0CFAB /* Frameworks */,
				448DD6152590F57300E0CFAB /* Resources */,
			);
			buildRules = (
			);
			dependencies = (
				448DD6192590F57300E0CFAB /* PBXTargetDependency */,
			);
			name = MapViewTests;
			productName = MapViewTests;
			productReference = 448DD6172590F57300E0CFAB /* MapViewTests.xctest */;
			productType = "com.apple.product-type.bundle.unit-test";
		};
		448DD6212590F57300E0CFAB /* MapViewUITests */ = {
			isa = PBXNativeTarget;
			buildConfigurationList = 448DD6312590F57300E0CFAB /* Build configuration list for PBXNativeTarget "MapViewUITests" */;
			buildPhases = (
				448DD61E2590F57300E0CFAB /* Sources */,
				448DD61F2590F57300E0CFAB /* Frameworks */,
				448DD6202590F57300E0CFAB /* Resources */,
			);
			buildRules = (
			);
			dependencies = (
				448DD6242590F57300E0CFAB /* PBXTargetDependency */,
			);
			name = MapViewUITests;
			productName = MapViewUITests;
			productReference = 448DD6222590F57300E0CFAB /* MapViewUITests.xctest */;
			productType = "com.apple.product-type.bundle.ui-testing";
		};
/* End PBXNativeTarget section */

/* Begin PBXProject section */
		448DD5FE2590F57200E0CFAB /* Project object */ = {
			isa = PBXProject;
			attributes = {
				LastSwiftUpdateCheck = 1230;
				LastUpgradeCheck = 1230;
				TargetAttributes = {
					448DD6052590F57200E0CFAB = {
						CreatedOnToolsVersion = 12.3;
					};
					448DD6162590F57300E0CFAB = {
						CreatedOnToolsVersion = 12.3;
						TestTargetID = 448DD6052590F57200E0CFAB;
					};
					448DD6212590F57300E0CFAB = {
						CreatedOnToolsVersion = 12.3;
						TestTargetID = 448DD6052590F57200E0CFAB;
					};
				};
			};
			buildConfigurationList = 448DD6012590F57200E0CFAB /* Build configuration list for PBXProject "MapView" */;
			compatibilityVersion = "Xcode 9.3";
			developmentRegion = en;
			hasScannedForEncodings = 0;
			knownRegions = (
				en,
				Base,
			);
			mainGroup = 448DD5FD2590F57200E0CFAB;
			productRefGroup = 448DD6072590F57200E0CFAB /* Products */;
			projectDirPath = "";
			projectRoot = "";
			targets = (
				448DD6052590F57200E0CFAB /* MapView */,
				448DD6162590F57300E0CFAB /* MapViewTests */,
				448DD6212590F57300E0CFAB /* MapViewUITests */,
			);
		};
/* End PBXProject section */

/* Begin PBXResourcesBuildPhase section */
		448DD6042590F57200E0CFAB /* Resources */ = {
			isa = PBXResourcesBuildPhase;
			buildActionMask = 2147483647;
			files = (
				448DD6112590F57300E0CFAB /* Preview Assets.xcassets in Resources */,
				448DD60E2590F57300E0CFAB /* Assets.xcassets in Resources */,
			);
			runOnlyForDeploymentPostprocessing = 0;
		};
		448DD6152590F57300E0CFAB /* Resources */ = {
			isa = PBXResourcesBuildPhase;
			buildActionMask = 2147483647;
			files = (
			);
			runOnlyForDeploymentPostprocessing = 0;
		};
		448DD6202590F57300E0CFAB /* Resources */ = {
			isa = PBXResourcesBuildPhase;
			buildActionMask = 2147483647;
			files = (
			);
			runOnlyForDeploymentPostprocessing = 0;
		};
/* End PBXResourcesBuildPhase section */

/* Begin PBXSourcesBuildPhase section */
		448DD6022590F57200E0CFAB /* Sources */ = {
			isa = PBXSourcesBuildPhase;
			buildActionMask = 2147483647;
			files = (
				448DD60C2590F57200E0CFAB /* ContentView.swift in Sources */,
				448DD60A2590F57200E0CFAB /* MapViewApp.swift in Sources */,
			);
			runOnlyForDeploymentPostprocessing = 0;
		};
		448DD6132590F57300E0CFAB /* Sources */ = {
			isa = PBXSourcesBuildPhase;
			buildActionMask = 2147483647;
			files = (
				448DD61C2590F57300E0CFAB /* MapViewTests.swift in Sources */,
			);
			runOnlyForDeploymentPostprocessing = 0;
		};
		448DD61E2590F57300E0CFAB /* Sources */ = {
			isa = PBXSourcesBuildPhase;
			buildActionMask = 2147483647;
			files = (
				448DD6272590F57300E0CFAB /* MapViewUITests.swift in Sources */,
			);
			runOnlyForDeploymentPostprocessing = 0;
		};
/* End PBXSourcesBuildPhase section */

/* Begin PBXTargetDependency section */
		448DD6192590F57300E0CFAB /* PBXTargetDependency */ = {
			isa = PBXTargetDependency;
			target = 448DD6052590F57200E0CFAB /* MapView */;
			targetProxy = 448DD6182590F57300E0CFAB /* PBXContainerItemProxy */;
		};
		448DD6242590F57300E0CFAB /* PBXTargetDependency */ = {
			isa = PBXTargetDependency;
			target = 448DD6052590F57200E0CFAB /* MapView */;
			targetProxy = 448DD6232590F57300E0CFAB /* PBXContainerItemProxy */;
		};
/* End PBXTargetDependency section */

/* Begin XCBuildConfiguration section */
		448DD6292590F57300E0CFAB /* Debug */ = {
			isa = XCBuildConfiguration;
			buildSettings = {
				ALWAYS_SEARCH_USER_PATHS = NO;
				CLANG_ANALYZER_NONNULL = YES;
				CLANG_ANALYZER_NUMBER_OBJECT_CONVERSION = YES_AGGRESSIVE;
				CLANG_CXX_LANGUAGE_STANDARD = "gnu++14";
				CLANG_CXX_LIBRARY = "libc++";
				CLANG_ENABLE_MODULES = YES;
				CLANG_ENABLE_OBJC_ARC = YES;
				CLANG_ENABLE_OBJC_WEAK = YES;
				CLANG_WARN_BLOCK_CAPTURE_AUTORELEASING = YES;
				CLANG_WARN_BOOL_CONVERSION = YES;
				CLANG_WARN_COMMA = YES;
				CLANG_WARN_CONSTANT_CONVERSION = YES;
				CLANG_WARN_DEPRECATED_OBJC_IMPLEMENTATIONS = YES;
				CLANG_WARN_DIRECT_OBJC_ISA_USAGE = YES_ERROR;
				CLANG_WARN_DOCUMENTATION_COMMENTS = YES;
				CLANG_WARN_EMPTY_BODY = YES;
				CLANG_WARN_ENUM_CONVERSION = YES;
				CLANG_WARN_INFINITE_RECURSION = YES;
				CLANG_WARN_INT_CONVERSION = YES;
				CLANG_WARN_NON_LITERAL_NULL_CONVERSION = YES;
				CLANG_WARN_OBJC_IMPLICIT_RETAIN_SELF = YES;
				CLANG_WARN_OBJC_LITERAL_CONVERSION = YES;
				CLANG_WARN_OBJC_ROOT_CLASS = YES_ERROR;
				CLANG_WARN_QUOTED_INCLUDE_IN_FRAMEWORK_HEADER = YES;
				CLANG_WARN_RANGE_LOOP_ANALYSIS = YES;
				CLANG_WARN_STRICT_PROTOTYPES = YES;
				CLANG_WARN_SUSPICIOUS_MOVE = YES;
				CLANG_WARN_UNGUARDED_AVAILABILITY = YES_AGGRESSIVE;
				CLANG_WARN_UNREACHABLE_CODE = YES;
				CLANG_WARN__DUPLICATE_METHOD_MATCH = YES;
				COPY_PHASE_STRIP = NO;
				DEBUG_INFORMATION_FORMAT = dwarf;
				ENABLE_STRICT_OBJC_MSGSEND = YES;
				ENABLE_TESTABILITY = YES;
				GCC_C_LANGUAGE_STANDARD = gnu11;
				GCC_DYNAMIC_NO_PIC = NO;
				GCC_NO_COMMON_BLOCKS = YES;
				GCC_OPTIMIZATION_LEVEL = 0;
				GCC_PREPROCESSOR_DEFINITIONS = (
					"DEBUG=1",
					"$(inherited)",
				);
				GCC_WARN_64_TO_32_BIT_CONVERSION = YES;
				GCC_WARN_ABOUT_RETURN_TYPE = YES_ERROR;
				GCC_WARN_UNDECLARED_SELECTOR = YES;
				GCC_WARN_UNINITIALIZED_AUTOS = YES_AGGRESSIVE;
				GCC_WARN_UNUSED_FUNCTION = YES;
				GCC_WARN_UNUSED_VARIABLE = YES;
				IPHONEOS_DEPLOYMENT_TARGET = 14.3;
				MTL_ENABLE_DEBUG_INFO = INCLUDE_SOURCE;
				MTL_FAST_MATH = YES;
				ONLY_ACTIVE_ARCH = YES;
				SDKROOT = iphoneos;
				SWIFT_ACTIVE_COMPILATION_CONDITIONS = DEBUG;
				SWIFT_OPTIMIZATION_LEVEL = "-Onone";
			};
			name = Debug;
		};
		448DD62A2590F57300E0CFAB /* Release */ = {
			isa = XCBuildConfiguration;
			buildSettings = {
				ALWAYS_SEARCH_USER_PATHS = NO;
				CLANG_ANALYZER_NONNULL = YES;
				CLANG_ANALYZER_NUMBER_OBJECT_CONVERSION = YES_AGGRESSIVE;
				CLANG_CXX_LANGUAGE_STANDARD = "gnu++14";
				CLANG_CXX_LIBRARY = "libc++";
				CLANG_ENABLE_MODULES = YES;
				CLANG_ENABLE_OBJC_ARC = YES;
				CLANG_ENABLE_OBJC_WEAK = YES;
				CLANG_WARN_BLOCK_CAPTURE_AUTORELEASING = YES;
				CLANG_WARN_BOOL_CONVERSION = YES;
				CLANG_WARN_COMMA = YES;
				CLANG_WARN_CONSTANT_CONVERSION = YES;
				CLANG_WARN_DEPRECATED_OBJC_IMPLEMENTATIONS = YES;
				CLANG_WARN_DIRECT_OBJC_ISA_USAGE = YES_ERROR;
				CLANG_WARN_DOCUMENTATION_COMMENTS = YES;
				CLANG_WARN_EMPTY_BODY = YES;
				CLANG_WARN_ENUM_CONVERSION = YES;
				CLANG_WARN_INFINITE_RECURSION = YES;
				CLANG_WARN_INT_CONVERSION = YES;
				CLANG_WARN_NON_LITERAL_NULL_CONVERSION = YES;
				CLANG_WARN_OBJC_IMPLICIT_RETAIN_SELF = YES;
				CLANG_WARN_OBJC_LITERAL_CONVERSION = YES;
				CLANG_WARN_OBJC_ROOT_CLASS = YES_ERROR;
				CLANG_WARN_QUOTED_INCLUDE_IN_FRAMEWORK_HEADER = YES;
				CLANG_WARN_RANGE_LOOP_ANALYSIS = YES;
				CLANG_WARN_STRICT_PROTOTYPES = YES;
				CLANG_WARN_SUSPICIOUS_MOVE = YES;
				CLANG_WARN_UNGUARDED_AVAILABILITY = YES_AGGRESSIVE;
				CLANG_WARN_UNREACHABLE_CODE = YES;
				CLANG_WARN__DUPLICATE_METHOD_MATCH = YES;
				COPY_PHASE_STRIP = NO;
				DEBUG_INFORMATION_FORMAT = "dwarf-with-dsym";
				ENABLE_NS_ASSERTIONS = NO;
				ENABLE_STRICT_OBJC_MSGSEND = YES;
				GCC_C_LANGUAGE_STANDARD = gnu11;
				GCC_NO_COMMON_BLOCKS = YES;
				GCC_WARN_64_TO_32_BIT_CONVERSION = YES;
				GCC_WARN_ABOUT_RETURN_TYPE = YES_ERROR;
				GCC_WARN_UNDECLARED_SELECTOR = YES;
				GCC_WARN_UNINITIALIZED_AUTOS = YES_AGGRESSIVE;
				GCC_WARN_UNUSED_FUNCTION = YES;
				GCC_WARN_UNUSED_VARIABLE = YES;
				IPHONEOS_DEPLOYMENT_TARGET = 14.3;
				MTL_ENABLE_DEBUG_INFO = NO;
				MTL_FAST_MATH = YES;
				SDKROOT = iphoneos;
				SWIFT_COMPILATION_MODE = wholemodule;
				SWIFT_OPTIMIZATION_LEVEL = "-O";
				VALIDATE_PRODUCT = YES;
			};
			name = Release;
		};
		448DD62C2590F57300E0CFAB /* Debug */ = {
			isa = XCBuildConfiguration;
			buildSettings = {
				ASSETCATALOG_COMPILER_APPICON_NAME = AppIcon;
				ASSETCATALOG_COMPILER_GLOBAL_ACCENT_COLOR_NAME = AccentColor;
				CODE_SIGN_STYLE = Automatic;
				DEVELOPMENT_ASSET_PATHS = "\"MapView/Preview Content\"";
				DEVELOPMENT_TEAM = S76Q2PB75V;
				ENABLE_PREVIEWS = YES;
				INFOPLIST_FILE = MapView/Info.plist;
				IPHONEOS_DEPLOYMENT_TARGET = 14.0;
				LD_RUNPATH_SEARCH_PATHS = (
					"$(inherited)",
					"@executable_path/Frameworks",
				);
				PRODUCT_BUNDLE_IDENTIFIER = "Joep-Hinderink.MapView";
				PRODUCT_NAME = "$(TARGET_NAME)";
				SWIFT_VERSION = 5.0;
				TARGETED_DEVICE_FAMILY = "1,2";
			};
			name = Debug;
		};
		448DD62D2590F57300E0CFAB /* Release */ = {
			isa = XCBuildConfiguration;
			buildSettings = {
				ASSETCATALOG_COMPILER_APPICON_NAME = AppIcon;
				ASSETCATALOG_COMPILER_GLOBAL_ACCENT_COLOR_NAME = AccentColor;
				CODE_SIGN_STYLE = Automatic;
				DEVELOPMENT_ASSET_PATHS = "\"MapView/Preview Content\"";
				DEVELOPMENT_TEAM = S76Q2PB75V;
				ENABLE_PREVIEWS = YES;
				INFOPLIST_FILE = MapView/Info.plist;
				IPHONEOS_DEPLOYMENT_TARGET = 14.0;
				LD_RUNPATH_SEARCH_PATHS = (
					"$(inherited)",
					"@executable_path/Frameworks",
				);
				PRODUCT_BUNDLE_IDENTIFIER = "Joep-Hinderink.MapView";
				PRODUCT_NAME = "$(TARGET_NAME)";
				SWIFT_VERSION = 5.0;
				TARGETED_DEVICE_FAMILY = "1,2";
			};
			name = Release;
		};
		448DD62F2590F57300E0CFAB /* Debug */ = {
			isa = XCBuildConfiguration;
			buildSettings = {
				ALWAYS_EMBED_SWIFT_STANDARD_LIBRARIES = YES;
				BUNDLE_LOADER = "$(TEST_HOST)";
				CODE_SIGN_STYLE = Automatic;
				DEVELOPMENT_TEAM = S76Q2PB75V;
				INFOPLIST_FILE = MapViewTests/Info.plist;
				IPHONEOS_DEPLOYMENT_TARGET = 14.0;
				LD_RUNPATH_SEARCH_PATHS = (
					"$(inherited)",
					"@executable_path/Frameworks",
					"@loader_path/Frameworks",
				);
				PRODUCT_BUNDLE_IDENTIFIER = "Joep-Hinderink.MapViewTests";
				PRODUCT_NAME = "$(TARGET_NAME)";
				SWIFT_VERSION = 5.0;
				TARGETED_DEVICE_FAMILY = "1,2";
				TEST_HOST = "$(BUILT_PRODUCTS_DIR)/MapView.app/MapView";
			};
			name = Debug;
		};
		448DD6302590F57300E0CFAB /* Release */ = {
			isa = XCBuildConfiguration;
			buildSettings = {
				ALWAYS_EMBED_SWIFT_STANDARD_LIBRARIES = YES;
				BUNDLE_LOADER = "$(TEST_HOST)";
				CODE_SIGN_STYLE = Automatic;
				DEVELOPMENT_TEAM = S76Q2PB75V;
				INFOPLIST_FILE = MapViewTests/Info.plist;
				IPHONEOS_DEPLOYMENT_TARGET = 14.0;
				LD_RUNPATH_SEARCH_PATHS = (
					"$(inherited)",
					"@executable_path/Frameworks",
					"@loader_path/Frameworks",
				);
				PRODUCT_BUNDLE_IDENTIFIER = "Joep-Hinderink.MapViewTests";
				PRODUCT_NAME = "$(TARGET_NAME)";
				SWIFT_VERSION = 5.0;
				TARGETED_DEVICE_FAMILY = "1,2";
				TEST_HOST = "$(BUILT_PRODUCTS_DIR)/MapView.app/MapView";
			};
			name = Release;
		};
		448DD6322590F57300E0CFAB /* Debug */ = {
			isa = XCBuildConfiguration;
			buildSettings = {
				ALWAYS_EMBED_SWIFT_STANDARD_LIBRARIES = YES;
				CODE_SIGN_STYLE = Automatic;
				DEVELOPMENT_TEAM = S76Q2PB75V;
				INFOPLIST_FILE = MapViewUITests/Info.plist;
				LD_RUNPATH_SEARCH_PATHS = (
					"$(inherited)",
					"@executable_path/Frameworks",
					"@loader_path/Frameworks",
				);
				PRODUCT_BUNDLE_IDENTIFIER = "Joep-Hinderink.MapViewUITests";
				PRODUCT_NAME = "$(TARGET_NAME)";
				SWIFT_VERSION = 5.0;
				TARGETED_DEVICE_FAMILY = "1,2";
				TEST_TARGET_NAME = MapView;
			};
			name = Debug;
		};
		448DD6332590F57300E0CFAB /* Release */ = {
			isa = XCBuildConfiguration;
			buildSettings = {
				ALWAYS_EMBED_SWIFT_STANDARD_LIBRARIES = YES;
				CODE_SIGN_STYLE = Automatic;
				DEVELOPMENT_TEAM = S76Q2PB75V;
				INFOPLIST_FILE = MapViewUITests/Info.plist;
				LD_RUNPATH_SEARCH_PATHS = (
					"$(inherited)",
					"@executable_path/Frameworks",
					"@loader_path/Frameworks",
				);
				PRODUCT_BUNDLE_IDENTIFIER = "Joep-Hinderink.MapViewUITests";
				PRODUCT_NAME = "$(TARGET_NAME)";
				SWIFT_VERSION = 5.0;
				TARGETED_DEVICE_FAMILY = "1,2";
				TEST_TARGET_NAME = MapView;
			};
			name = Release;
		};
/* End XCBuildConfiguration section */

/* Begin XCConfigurationList section */
		448DD6012590F57200E0CFAB /* Build configuration list for PBXProject "MapView" */ = {
			isa = XCConfigurationList;
			buildConfigurations = (
				448DD6292590F57300E0CFAB /* Debug */,
				448DD62A2590F57300E0CFAB /* Release */,
			);
			defaultConfigurationIsVisible = 0;
			defaultConfigurationName = Release;
		};
		448DD62B2590F57300E0CFAB /* Build configuration list for PBXNativeTarget "MapView" */ = {
			isa = XCConfigurationList;
			buildConfigurations = (
				448DD62C2590F57300E0CFAB /* Debug */,
				448DD62D2590F57300E0CFAB /* Release */,
			);
			defaultConfigurationIsVisible = 0;
			defaultConfigurationName = Release;
		};
		448DD62E2590F57300E0CFAB /* Build configuration list for PBXNativeTarget "MapViewTests" */ = {
			isa = XCConfigurationList;
			buildConfigurations = (
				448DD62F2590F57300E0CFAB /* Debug */,
				448DD6302590F57300E0CFAB /* Release */,
			);
			defaultConfigurationIsVisible = 0;
			defaultConfigurationName = Release;
		};
		448DD6312590F57300E0CFAB /* Build configuration list for PBXNativeTarget "MapViewUITests" */ = {
			isa = XCConfigurationList;
			buildConfigurations = (
				448DD6322590F57300E0CFAB /* Debug */,
				448DD6332590F57300E0CFAB /* Release */,
			);
			defaultConfigurationIsVisible = 0;
			defaultConfigurationName = Release;
		};
/* End XCConfigurationList section */
	};
	rootObject = 448DD5FE2590F57200E0CFAB /* Project object */;
}
